{
    "name": "testz",
    "version": "1.0.0",
    "lockfileVersion": 3,
    "requires": true,
    "packages": {
        "": {
            "name": "testz",
            "version": "1.0.0",
            "license": "ISC",
            "dependencies": {
                "testz": "file:"
            }
        },
        "node_modules/testz": {
            "resolved": "",
            "link": true
        }
    }
}
